
Microsoft Visual Studio Solution File, Format Version 12.00
# Visual Studio Version 16
VisualStudioVersion = 16.0.32602.291
MinimumVisualStudioVersion = 10.0.40219.1
Project("{8BC9CEB8-8B4A-11D0-8D11-00A0C91BC942}") = "qianxin_loaddll", "qianxin_loaddll\qianxin_loaddll.vcxproj", "{7985D595-B5C4-4532-B077-1C8BB76F6100}"
EndProject
Project("{8BC9CEB8-8B4A-11D0-8D11-00A0C91BC942}") = "package", "package\package.vcxproj", "{83A0271F-A849-4EBF-9E7C-A1A39835B495}"
EndProject
Project("{8BC9CEB8-8B4A-11D0-8D11-00A0C91BC942}") = "demo_win32", "demo_win32\demo_win32.vcxproj", "{7541D869-DB53-42CD-B4EC-E31B7B5BF974}"
EndProject
Project("{8BC9CEB8-8B4A-11D0-8D11-00A0C91BC942}") = "demo_win64", "demo_win64\demo_win64.vcxproj", "{A77B7F55-BC02-49B6-B44B-415B8B43DAE2}"
EndProject
Global
	GlobalSection(SolutionConfigurationPlatforms) = preSolution
		Debug|x64 = Debug|x64
		Debug|x86 = Debug|x86
		Release|x64 = Release|x64
		Release|x86 = Release|x86
	EndGlobalSection
	GlobalSection(ProjectConfigurationPlatforms) = postSolution
		{7985D595-B5C4-4532-B077-1C8BB76F6100}.Debug|x64.ActiveCfg = Debug|x64
		{7985D595-B5C4-4532-B077-1C8BB76F6100}.Debug|x64.Build.0 = Debug|x64
		{7985D595-B5C4-4532-B077-1C8BB76F6100}.Debug|x86.ActiveCfg = Debug|Win32
		{7985D595-B5C4-4532-B077-1C8BB76F6100}.Debug|x86.Build.0 = Debug|Win32
		{7985D595-B5C4-4532-B077-1C8BB76F6100}.Release|x64.ActiveCfg = Release|x64
		{7985D595-B5C4-4532-B077-1C8BB76F6100}.Release|x64.Build.0 = Release|x64
		{7985D595-B5C4-4532-B077-1C8BB76F6100}.Release|x86.ActiveCfg = Release|Win32
		{7985D595-B5C4-4532-B077-1C8BB76F6100}.Release|x86.Build.0 = Release|Win32
		{83A0271F-A849-4EBF-9E7C-A1A39835B495}.Debug|x64.ActiveCfg = Debug|x64
		{83A0271F-A849-4EBF-9E7C-A1A39835B495}.Debug|x64.Build.0 = Debug|x64
		{83A0271F-A849-4EBF-9E7C-A1A39835B495}.Debug|x86.ActiveCfg = Debug|Win32
		{83A0271F-A849-4EBF-9E7C-A1A39835B495}.Debug|x86.Build.0 = Debug|Win32
		{83A0271F-A849-4EBF-9E7C-A1A39835B495}.Release|x64.ActiveCfg = Release|x64
		{83A0271F-A849-4EBF-9E7C-A1A39835B495}.Release|x64.Build.0 = Release|x64
		{83A0271F-A849-4EBF-9E7C-A1A39835B495}.Release|x86.ActiveCfg = Release|Win32
		{83A0271F-A849-4EBF-9E7C-A1A39835B495}.Release|x86.Build.0 = Release|Win32
		{7541D869-DB53-42CD-B4EC-E31B7B5BF974}.Debug|x64.ActiveCfg = Debug|x64
		{7541D869-DB53-42CD-B4EC-E31B7B5BF974}.Debug|x64.Build.0 = Debug|x64
		{7541D869-DB53-42CD-B4EC-E31B7B5BF974}.Debug|x86.ActiveCfg = Debug|Win32
		{7541D869-DB53-42CD-B4EC-E31B7B5BF974}.Debug|x86.Build.0 = Debug|Win32
		{7541D869-DB53-42CD-B4EC-E31B7B5BF974}.Release|x64.ActiveCfg = Release|Win32
		{7541D869-DB53-42CD-B4EC-E31B7B5BF974}.Release|x64.Build.0 = Release|Win32
		{7541D869-DB53-42CD-B4EC-E31B7B5BF974}.Release|x86.ActiveCfg = Release|Win32
		{7541D869-DB53-42CD-B4EC-E31B7B5BF974}.Release|x86.Build.0 = Release|Win32
		{A77B7F55-BC02-49B6-B44B-415B8B43DAE2}.Debug|x64.ActiveCfg = Debug|x64
		{A77B7F55-BC02-49B6-B44B-415B8B43DAE2}.Debug|x64.Build.0 = Debug|x64
		{A77B7F55-BC02-49B6-B44B-415B8B43DAE2}.Debug|x86.ActiveCfg = Debug|Win32
		{A77B7F55-BC02-49B6-B44B-415B8B43DAE2}.Debug|x86.Build.0 = Debug|Win32
		{A77B7F55-BC02-49B6-B44B-415B8B43DAE2}.Release|x64.ActiveCfg = Release|x64
		{A77B7F55-BC02-49B6-B44B-415B8B43DAE2}.Release|x64.Build.0 = Release|x64
		{A77B7F55-BC02-49B6-B44B-415B8B43DAE2}.Release|x86.ActiveCfg = Release|Win32
		{A77B7F55-BC02-49B6-B44B-415B8B43DAE2}.Release|x86.Build.0 = Release|Win32
	EndGlobalSection
	GlobalSection(SolutionProperties) = preSolution
		HideSolutionNode = FALSE
	EndGlobalSection
	GlobalSection(ExtensibilityGlobals) = postSolution
		SolutionGuid = {35D99E97-6AE0-4B8F-B43A-DF1B8C005729}
	EndGlobalSection
EndGlobal
